
Microsoft Visual Studio Solution File, Format Version 12.00
# Visual Studio 2012
Project("{FAE04EC0-301F-11D3-BF4B-00C04F79EFBC}") = "UDPServer", "UDPServer\UDPServer.csproj", "{8F490108-5A6E-45D7-90A7-683F12E73DF2}"
EndProject
Global
	GlobalSection(SolutionConfigurationPlatforms) = preSolution
		Debug|Any CPU = Debug|Any CPU
		Release|Any CPU = Release|Any CPU
	EndGlobalSection
	GlobalSection(ProjectConfigurationPlatforms) = postSolution
		{8F490108-5A6E-45D7-90A7-683F12E73DF2}.Debug|Any CPU.ActiveCfg = Debug|Any CPU
		{8F490108-5A6E-45D7-90A7-683F12E73DF2}.Debug|Any CPU.Build.0 = Debug|Any CPU
		{8F490108-5A6E-45D7-90A7-683F12E73DF2}.Release|Any CPU.ActiveCfg = Release|Any CPU
		{8F490108-5A6E-45D7-90A7-683F12E73DF2}.Release|Any CPU.Build.0 = Release|Any CPU
	EndGlobalSection
	GlobalSection(SolutionProperties) = preSolution
		HideSolutionNode = FALSE
	EndGlobalSection
EndGlobal
